
Microsoft Visual Studio Solution File, Format Version 12.00
# Visual Studio Version 17
VisualStudioVersion = 17.2.32519.379
MinimumVisualStudioVersion = 10.0.40219.1
Project("{9A19103F-16F7-4668-BE54-9A1E7A4F7556}") = "MonoGameVerlet", "MonoGameVerlet\MonoGameVerlet.csproj", "{278415EB-33CC-4127-A2AA-D4A62BD74265}"
EndProject
Global
	GlobalSection(SolutionConfigurationPlatforms) = preSolution
		Debug|Any CPU = Debug|Any CPU
		Release|Any CPU = Release|Any CPU
	EndGlobalSection
	GlobalSection(ProjectConfigurationPlatforms) = postSolution
		{278415EB-33CC-4127-A2AA-D4A62BD74265}.Debug|Any CPU.ActiveCfg = Debug|Any CPU
		{278415EB-33CC-4127-A2AA-D4A62BD74265}.Debug|Any CPU.Build.0 = Debug|Any CPU
		{278415EB-33CC-4127-A2AA-D4A62BD74265}.Release|Any CPU.ActiveCfg = Release|Any CPU
		{278415EB-33CC-4127-A2AA-D4A62BD74265}.Release|Any CPU.Build.0 = Release|Any CPU
	EndGlobalSection
	GlobalSection(SolutionProperties) = preSolution
		HideSolutionNode = FALSE
	EndGlobalSection
	GlobalSection(ExtensibilityGlobals) = postSolution
		SolutionGuid = {6DDB5923-0FA0-4036-AB55-A971F9B28C22}
	EndGlobalSection
EndGlobal
